
Microsoft Visual Studio Solution File, Format Version 12.00
# Visual Studio Version 17
VisualStudioVersion = 17.4.33213.308
MinimumVisualStudioVersion = 10.0.40219.1
Project("{FAE04EC0-301F-11D3-BF4B-00C04F79EFBC}") = "SalesWebMvc", "SalesWebMvc.csproj", "{0C953096-B766-4C94-AAE3-95330664AF2C}"
EndProject
Global
	GlobalSection(SolutionConfigurationPlatforms) = preSolution
		Debug|Any CPU = Debug|Any CPU
		Release|Any CPU = Release|Any CPU
	EndGlobalSection
	GlobalSection(ProjectConfigurationPlatforms) = postSolution
		{0C953096-B766-4C94-AAE3-95330664AF2C}.Debug|Any CPU.ActiveCfg = Debug|Any CPU
		{0C953096-B766-4C94-AAE3-95330664AF2C}.Debug|Any CPU.Build.0 = Debug|Any CPU
		{0C953096-B766-4C94-AAE3-95330664AF2C}.Release|Any CPU.ActiveCfg = Release|Any CPU
		{0C953096-B766-4C94-AAE3-95330664AF2C}.Release|Any CPU.Build.0 = Release|Any CPU
	EndGlobalSection
	GlobalSection(SolutionProperties) = preSolution
		HideSolutionNode = FALSE
	EndGlobalSection
	GlobalSection(ExtensibilityGlobals) = postSolution
		SolutionGuid = {EC412F0E-5F5D-49F9-ADE9-D45F5D75F151}
	EndGlobalSection
EndGlobal
